PODS:
  - ADNKit (1.3.1):
    - AFNetworking (~> 1.3.0)
  - AFNetworking (1.3.3)
  - Reachability (3.1.1)
  - SocketRocket (0.2.0)
  - SocketShuttle (0.3):
    - Reachability (~> 3.1)
    - SocketRocket (~> 0.2.0)
  - SSKeychain (1.2.1)

DEPENDENCIES:
  - ADNKit (from `https://github.com/joeldev/ADNKit.git`, commit `370b56c572d4e572482b06129d7b656349c7d7f5`)
  - SocketShuttle (from `https://github.com/joeldev/SocketShuttle`)
  - SSKeychain

EXTERNAL SOURCES:
  ADNKit:
    :commit: 370b56c572d4e572482b06129d7b656349c7d7f5
    :git: https://github.com/joeldev/ADNKit.git
  SocketShuttle:
    :git: https://github.com/joeldev/SocketShuttle

SPEC CHECKSUMS:
  ADNKit: 65e6e11634b81422528e5778937fab24f6b2cddd
  AFNetworking: 61fdd49e2ffe6380378df37b3b6e70630bb9dd66
  Reachability: be4883bb93f31e38266ae3365e5600a317aae735
  SocketRocket: bca43a94bd9aac3a629df42c06843402399ee67b
  SocketShuttle: bdd61bb6859da3b51e1cd2a053787e47fbff04b4
  SSKeychain: d18926838c2e7cd342e2a49e9f869858e49f035a

COCOAPODS: 0.29.0
